{
    "_meta": {
        "hash": {
            "sha256": "1c9b51a696b1cc1703f30f2187be339fffe6ee9a899f204270119902e93e59af"
        },
        "pipfile-spec": 6,
        "requires": {
            "python_version": "3.11"
        },
        "sources": [
            {
                "name": "pypi",
                "url": "https://pypi.org/simple",
                "verify_ssl": true
            }
        ]
    },
    "default": {
        "narwhals": {
            "hashes": [
                "sha256:c59f7de4763004ae81691ce16df71b4e55aead0ead7ccde8c8f2ef8c9559c765",
                "sha256:d8cde40a6a8a7049d8e66608b7115ab19464acc6f305d136a8dc8ba396c4acfe"
            ],
            "markers": "python_version >= '3.9'",
            "version": "==2.9.0"
        },
        "packaging": {
            "hashes": [
                "sha256:29572ef2b1f17581046b3a2227d5c611fb25ec70ca1ba8554b24b0e69331a484",
                "sha256:d443872c98d677bf60f6a1f2f8c1cb748e8fe762d2bf9d3148b5599295b0fc4f"
            ],
            "markers": "python_version >= '3.8'",
            "version": "==25.0"
        },
        "plotly": {
            "hashes": [
                "sha256:8b4420d1dcf2b040f5983eed433f95732ed24930e496d36eb70d211923532e64",
                "sha256:dd896e3d940e653a7ce0470087e82c2bd903969a55e30d1b01bb389319461bb0"
            ],
            "index": "pypi",
            "version": "==6.3.1"
        }
    },
    "develop": {}
}
